
Microsoft Visual Studio Solution File, Format Version 12.00
# Visual Studio Version 16
VisualStudioVersion = 16.0.31515.178
MinimumVisualStudioVersion = 10.0.40219.1
Project("{FAE04EC0-301F-11D3-BF4B-00C04F79EFBC}") = "my-books", "my-books.csproj", "{703F71D1-63F4-47E8-8B76-A03283F41F30}"
EndProject
Global
	GlobalSection(SolutionConfigurationPlatforms) = preSolution
		Debug|Any CPU = Debug|Any CPU
		Release|Any CPU = Release|Any CPU
	EndGlobalSection
	GlobalSection(ProjectConfigurationPlatforms) = postSolution
		{703F71D1-63F4-47E8-8B76-A03283F41F30}.Debug|Any CPU.ActiveCfg = Debug|Any CPU
		{703F71D1-63F4-47E8-8B76-A03283F41F30}.Debug|Any CPU.Build.0 = Debug|Any CPU
		{703F71D1-63F4-47E8-8B76-A03283F41F30}.Release|Any CPU.ActiveCfg = Release|Any CPU
		{703F71D1-63F4-47E8-8B76-A03283F41F30}.Release|Any CPU.Build.0 = Release|Any CPU
	EndGlobalSection
	GlobalSection(SolutionProperties) = preSolution
		HideSolutionNode = FALSE
	EndGlobalSection
	GlobalSection(ExtensibilityGlobals) = postSolution
		SolutionGuid = {5DAE28B9-6A42-4EC2-9C10-B89B181CB610}
	EndGlobalSection
EndGlobal
